
Microsoft Visual Studio Solution File, Format Version 12.00
# Visual Studio Version 17
VisualStudioVersion = 17.7.34031.279
MinimumVisualStudioVersion = 10.0.40219.1
Project("{FAE04EC0-301F-11D3-BF4B-00C04F79EFBC}") = "SannaFer.CAI.Ej.04", "SannaFer.CAI.Ej.04\SannaFer.CAI.Ej.04.csproj", "{C6F57150-54DF-45FA-9F4D-714393804A11}"
EndProject
Global
	GlobalSection(SolutionConfigurationPlatforms) = preSolution
		Debug|Any CPU = Debug|Any CPU
		Release|Any CPU = Release|Any CPU
	EndGlobalSection
	GlobalSection(ProjectConfigurationPlatforms) = postSolution
		{C6F57150-54DF-45FA-9F4D-714393804A11}.Debug|Any CPU.ActiveCfg = Debug|Any CPU
		{C6F57150-54DF-45FA-9F4D-714393804A11}.Debug|Any CPU.Build.0 = Debug|Any CPU
		{C6F57150-54DF-45FA-9F4D-714393804A11}.Release|Any CPU.ActiveCfg = Release|Any CPU
		{C6F57150-54DF-45FA-9F4D-714393804A11}.Release|Any CPU.Build.0 = Release|Any CPU
	EndGlobalSection
	GlobalSection(SolutionProperties) = preSolution
		HideSolutionNode = FALSE
	EndGlobalSection
	GlobalSection(ExtensibilityGlobals) = postSolution
		SolutionGuid = {F6BC8833-130C-48CA-B303-C01AC83BBFB2}
	EndGlobalSection
EndGlobal
